
Microsoft Visual Studio Solution File, Format Version 12.00
Project("{FAE04EC0-301F-11D3-BF4B-00C04F79EFBC}") = "MVCIntroWebsite", "MVCIntroWebsite\MVCIntroWebsite.csproj", "{FAB9941C-B426-43F4-9EEC-5DC342F1CB77}"
EndProject
Global
	GlobalSection(SolutionConfigurationPlatforms) = preSolution
		Debug|Any CPU = Debug|Any CPU
		Release|Any CPU = Release|Any CPU
	EndGlobalSection
	GlobalSection(ProjectConfigurationPlatforms) = postSolution
		{FAB9941C-B426-43F4-9EEC-5DC342F1CB77}.Debug|Any CPU.ActiveCfg = Debug|Any CPU
		{FAB9941C-B426-43F4-9EEC-5DC342F1CB77}.Debug|Any CPU.Build.0 = Debug|Any CPU
		{FAB9941C-B426-43F4-9EEC-5DC342F1CB77}.Release|Any CPU.ActiveCfg = Release|Any CPU
		{FAB9941C-B426-43F4-9EEC-5DC342F1CB77}.Release|Any CPU.Build.0 = Release|Any CPU
	EndGlobalSection
EndGlobal
